
Microsoft Visual Studio Solution File, Format Version 12.00
# Visual Studio Version 17
VisualStudioVersion = 17.8.34525.116
MinimumVisualStudioVersion = 10.0.40219.1
Project("{FAE04EC0-301F-11D3-BF4B-00C04F79EFBC}") = "Portfolio", "Portfolio\Portfolio.csproj", "{0CAFFF78-B1C8-4933-91B1-5E74E6421A98}"
EndProject
Global
	GlobalSection(SolutionConfigurationPlatforms) = preSolution
		Debug|Any CPU = Debug|Any CPU
		Release|Any CPU = Release|Any CPU
	EndGlobalSection
	GlobalSection(ProjectConfigurationPlatforms) = postSolution
		{0CAFFF78-B1C8-4933-91B1-5E74E6421A98}.Debug|Any CPU.ActiveCfg = Debug|Any CPU
		{0CAFFF78-B1C8-4933-91B1-5E74E6421A98}.Debug|Any CPU.Build.0 = Debug|Any CPU
		{0CAFFF78-B1C8-4933-91B1-5E74E6421A98}.Release|Any CPU.ActiveCfg = Release|Any CPU
		{0CAFFF78-B1C8-4933-91B1-5E74E6421A98}.Release|Any CPU.Build.0 = Release|Any CPU
	EndGlobalSection
	GlobalSection(SolutionProperties) = preSolution
		HideSolutionNode = FALSE
	EndGlobalSection
	GlobalSection(ExtensibilityGlobals) = postSolution
		SolutionGuid = {E223EB86-8176-4258-A182-0564B1E2B11B}
	EndGlobalSection
EndGlobal
